// !$*UTF8*$!
{
	archiveVersion = 1;
	classes = {
	};
	objectVersion = 56;
	objects = {

/* Begin PBXBuildFile section */
		663702AC29B2DD2900F448AE /* NotesApp.swift in Sources */ = {isa = PBXBuildFile; fileRef = 663702AB29B2DD2900F448AE /* NotesApp.swift */; };
		663702B029B2DD2A00F448AE /* Assets.xcassets in Resources */ = {isa = PBXBuildFile; fileRef = 663702AF29B2DD2A00F448AE /* Assets.xcassets */; };
		663702B329B2DD2A00F448AE /* Preview Assets.xcassets in Resources */ = {isa = PBXBuildFile; fileRef = 663702B229B2DD2A00F448AE /* Preview Assets.xcassets */; };
		663702BA29B2EC6A00F448AE /* Scaffold.swift in Sources */ = {isa = PBXBuildFile; fileRef = 663702B929B2EC6A00F448AE /* Scaffold.swift */; };
		663702BD29B2EEDF00F448AE /* HomeTab.swift in Sources */ = {isa = PBXBuildFile; fileRef = 663702BC29B2EEDF00F448AE /* HomeTab.swift */; };
		663702C029B2F72E00F448AE /* AccountTab.swift in Sources */ = {isa = PBXBuildFile; fileRef = 663702BF29B2F72E00F448AE /* AccountTab.swift */; };
		663702C529B393EF00F448AE /* DigAvatar.swift in Sources */ = {isa = PBXBuildFile; fileRef = 663702C429B393EF00F448AE /* DigAvatar.swift */; };
		663702C729B39A4400F448AE /* AccountTabContent.swift in Sources */ = {isa = PBXBuildFile; fileRef = 663702C629B39A4400F448AE /* AccountTabContent.swift */; };
		663702C929B39A7300F448AE /* Defaults.swift in Sources */ = {isa = PBXBuildFile; fileRef = 663702C829B39A7300F448AE /* Defaults.swift */; };
		663702CB29B39B1200F448AE /* HomeTabContent.swift in Sources */ = {isa = PBXBuildFile; fileRef = 663702CA29B39B1200F448AE /* HomeTabContent.swift */; };
		663702D329B39CF600F448AE /* MultilineButton.swift in Sources */ = {isa = PBXBuildFile; fileRef = 663702D229B39CF600F448AE /* MultilineButton.swift */; };
		663702D529B3A06500F448AE /* UserProfile.swift in Sources */ = {isa = PBXBuildFile; fileRef = 663702D429B3A06500F448AE /* UserProfile.swift */; };
		663702D729B3B24000F448AE /* SpaceUsage.swift in Sources */ = {isa = PBXBuildFile; fileRef = 663702D629B3B24000F448AE /* SpaceUsage.swift */; };
		663702D929B3B8B500F448AE /* DigButton.swift in Sources */ = {isa = PBXBuildFile; fileRef = 663702D829B3B8B500F448AE /* DigButton.swift */; };
		663702DB29B3BB9800F448AE /* DeviceUsage.swift in Sources */ = {isa = PBXBuildFile; fileRef = 663702DA29B3BB9800F448AE /* DeviceUsage.swift */; };
		663702DD29B3C37C00F448AE /* DigBanner.swift in Sources */ = {isa = PBXBuildFile; fileRef = 663702DC29B3C37C00F448AE /* DigBanner.swift */; };
		663702DF29B3CBFD00F448AE /* EditableAvatar.swift in Sources */ = {isa = PBXBuildFile; fileRef = 663702DE29B3CBFD00F448AE /* EditableAvatar.swift */; };
/* End PBXBuildFile section */

/* Begin PBXFileReference section */
		663702A829B2DD2900F448AE /* Notes.app */ = {isa = PBXFileReference; explicitFileType = wrapper.application; includeInIndex = 0; path = Notes.app; sourceTree = BUILT_PRODUCTS_DIR; };
		663702AB29B2DD2900F448AE /* NotesApp.swift */ = {isa = PBXFileReference; lastKnownFileType = sourcecode.swift; path = NotesApp.swift; sourceTree = "<group>"; };
		663702AF29B2DD2A00F448AE /* Assets.xcassets */ = {isa = PBXFileReference; lastKnownFileType = folder.assetcatalog; path = Assets.xcassets; sourceTree = "<group>"; };
		663702B229B2DD2A00F448AE /* Preview Assets.xcassets */ = {isa = PBXFileReference; lastKnownFileType = folder.assetcatalog; path = "Preview Assets.xcassets"; sourceTree = "<group>"; };
		663702B929B2EC6A00F448AE /* Scaffold.swift */ = {isa = PBXFileReference; lastKnownFileType = sourcecode.swift; path = Scaffold.swift; sourceTree = "<group>"; };
		663702BC29B2EEDF00F448AE /* HomeTab.swift */ = {isa = PBXFileReference; lastKnownFileType = sourcecode.swift; path = HomeTab.swift; sourceTree = "<group>"; };
		663702BF29B2F72E00F448AE /* AccountTab.swift */ = {isa = PBXFileReference; lastKnownFileType = sourcecode.swift; path = AccountTab.swift; sourceTree = "<group>"; };
		663702C429B393EF00F448AE /* DigAvatar.swift */ = {isa = PBXFileReference; lastKnownFileType = sourcecode.swift; path = DigAvatar.swift; sourceTree = "<group>"; };
		663702C629B39A4400F448AE /* AccountTabContent.swift */ = {isa = PBXFileReference; lastKnownFileType = sourcecode.swift; path = AccountTabContent.swift; sourceTree = "<group>"; };
		663702C829B39A7300F448AE /* Defaults.swift */ = {isa = PBXFileReference; lastKnownFileType = sourcecode.swift; path = Defaults.swift; sourceTree = "<group>"; };
		663702CA29B39B1200F448AE /* HomeTabContent.swift */ = {isa = PBXFileReference; lastKnownFileType = sourcecode.swift; path = HomeTabContent.swift; sourceTree = "<group>"; };
		663702D229B39CF600F448AE /* MultilineButton.swift */ = {isa = PBXFileReference; lastKnownFileType = sourcecode.swift; path = MultilineButton.swift; sourceTree = "<group>"; };
		663702D429B3A06500F448AE /* UserProfile.swift */ = {isa = PBXFileReference; lastKnownFileType = sourcecode.swift; path = UserProfile.swift; sourceTree = "<group>"; };
		663702D629B3B24000F448AE /* SpaceUsage.swift */ = {isa = PBXFileReference; lastKnownFileType = sourcecode.swift; path = SpaceUsage.swift; sourceTree = "<group>"; };
		663702D829B3B8B500F448AE /* DigButton.swift */ = {isa = PBXFileReference; lastKnownFileType = sourcecode.swift; path = DigButton.swift; sourceTree = "<group>"; };
		663702DA29B3BB9800F448AE /* DeviceUsage.swift */ = {isa = PBXFileReference; lastKnownFileType = sourcecode.swift; path = DeviceUsage.swift; sourceTree = "<group>"; };
		663702DC29B3C37C00F448AE /* DigBanner.swift */ = {isa = PBXFileReference; lastKnownFileType = sourcecode.swift; path = DigBanner.swift; sourceTree = "<group>"; };
		663702DE29B3CBFD00F448AE /* EditableAvatar.swift */ = {isa = PBXFileReference; lastKnownFileType = sourcecode.swift; path = EditableAvatar.swift; sourceTree = "<group>"; };
/* End PBXFileReference section */

/* Begin PBXFrameworksBuildPhase section */
		663702A529B2DD2900F448AE /* Frameworks */ = {
			isa = PBXFrameworksBuildPhase;
			buildActionMask = 2147483647;
			files = (
			);
			runOnlyForDeploymentPostprocessing = 0;
		};
/* End PBXFrameworksBuildPhase section */

/* Begin PBXGroup section */
		6637029F29B2DD2900F448AE = {
			isa = PBXGroup;
			children = (
				663702AA29B2DD2900F448AE /* Notes */,
				663702A929B2DD2900F448AE /* Products */,
			);
			sourceTree = "<group>";
		};
		663702A929B2DD2900F448AE /* Products */ = {
			isa = PBXGroup;
			children = (
				663702A829B2DD2900F448AE /* Notes.app */,
			);
			name = Products;
			sourceTree = "<group>";
		};
		663702AA29B2DD2900F448AE /* Notes */ = {
			isa = PBXGroup;
			children = (
				663702D029B39C1A00F448AE /* lib */,
				663702CF29B39C0200F448AE /* feat */,
				663702CE29B39BF700F448AE /* shared */,
				663702CD29B39BD600F448AE /* app */,
				663702AF29B2DD2A00F448AE /* Assets.xcassets */,
				663702B129B2DD2A00F448AE /* Preview Content */,
				663702C829B39A7300F448AE /* Defaults.swift */,
			);
			path = Notes;
			sourceTree = "<group>";
		};
		663702B129B2DD2A00F448AE /* Preview Content */ = {
			isa = PBXGroup;
			children = (
				663702B229B2DD2A00F448AE /* Preview Assets.xcassets */,
			);
			path = "Preview Content";
			sourceTree = "<group>";
		};
		663702BB29B2EED200F448AE /* home_tab */ = {
			isa = PBXGroup;
			children = (
				663702BC29B2EEDF00F448AE /* HomeTab.swift */,
				663702CA29B39B1200F448AE /* HomeTabContent.swift */,
			);
			path = home_tab;
			sourceTree = "<group>";
		};
		663702BE29B2F72300F448AE /* account_tab */ = {
			isa = PBXGroup;
			children = (
				663702BF29B2F72E00F448AE /* AccountTab.swift */,
				663702C629B39A4400F448AE /* AccountTabContent.swift */,
				663702D429B3A06500F448AE /* UserProfile.swift */,
				663702D629B3B24000F448AE /* SpaceUsage.swift */,
				663702DA29B3BB9800F448AE /* DeviceUsage.swift */,
				663702DE29B3CBFD00F448AE /* EditableAvatar.swift */,
			);
			path = account_tab;
			sourceTree = "<group>";
		};
		663702C329B393E100F448AE /* dig */ = {
			isa = PBXGroup;
			children = (
				663702C429B393EF00F448AE /* DigAvatar.swift */,
				663702D829B3B8B500F448AE /* DigButton.swift */,
				663702DC29B3C37C00F448AE /* DigBanner.swift */,
			);
			path = dig;
			sourceTree = "<group>";
		};
		663702CD29B39BD600F448AE /* app */ = {
			isa = PBXGroup;
			children = (
				663702B929B2EC6A00F448AE /* Scaffold.swift */,
				663702AB29B2DD2900F448AE /* NotesApp.swift */,
			);
			path = app;
			sourceTree = "<group>";
		};
		663702CE29B39BF700F448AE /* shared */ = {
			isa = PBXGroup;
			children = (
				663702D129B39CE900F448AE /* storekit */,
				663702C329B393E100F448AE /* dig */,
			);
			path = shared;
			sourceTree = "<group>";
		};
		663702CF29B39C0200F448AE /* feat */ = {
			isa = PBXGroup;
			children = (
				663702BE29B2F72300F448AE /* account_tab */,
				663702BB29B2EED200F448AE /* home_tab */,
			);
			path = feat;
			sourceTree = "<group>";
		};
		663702D029B39C1A00F448AE /* lib */ = {
			isa = PBXGroup;
			children = (
			);
			path = lib;
			sourceTree = "<group>";
		};
		663702D129B39CE900F448AE /* storekit */ = {
			isa = PBXGroup;
			children = (
				663702D229B39CF600F448AE /* MultilineButton.swift */,
			);
			path = storekit;
			sourceTree = "<group>";
		};
/* End PBXGroup section */

/* Begin PBXNativeTarget section */
		663702A729B2DD2900F448AE /* Notes */ = {
			isa = PBXNativeTarget;
			buildConfigurationList = 663702B629B2DD2A00F448AE /* Build configuration list for PBXNativeTarget "Notes" */;
			buildPhases = (
				663702A429B2DD2900F448AE /* Sources */,
				663702A529B2DD2900F448AE /* Frameworks */,
				663702A629B2DD2900F448AE /* Resources */,
			);
			buildRules = (
			);
			dependencies = (
			);
			name = Notes;
			productName = Campaigns;
			productReference = 663702A829B2DD2900F448AE /* Notes.app */;
			productType = "com.apple.product-type.application";
		};
/* End PBXNativeTarget section */

/* Begin PBXProject section */
		663702A029B2DD2900F448AE /* Project object */ = {
			isa = PBXProject;
			attributes = {
				BuildIndependentTargetsInParallel = 1;
				LastSwiftUpdateCheck = 1420;
				LastUpgradeCheck = 1420;
				TargetAttributes = {
					663702A729B2DD2900F448AE = {
						CreatedOnToolsVersion = 14.2;
					};
				};
			};
			buildConfigurationList = 663702A329B2DD2900F448AE /* Build configuration list for PBXProject "Notes" */;
			compatibilityVersion = "Xcode 14.0";
			developmentRegion = en;
			hasScannedForEncodings = 0;
			knownRegions = (
				en,
				Base,
			);
			mainGroup = 6637029F29B2DD2900F448AE;
			productRefGroup = 663702A929B2DD2900F448AE /* Products */;
			projectDirPath = "";
			projectRoot = "";
			targets = (
				663702A729B2DD2900F448AE /* Notes */,
			);
		};
/* End PBXProject section */

/* Begin PBXResourcesBuildPhase section */
		663702A629B2DD2900F448AE /* Resources */ = {
			isa = PBXResourcesBuildPhase;
			buildActionMask = 2147483647;
			files = (
				663702B329B2DD2A00F448AE /* Preview Assets.xcassets in Resources */,
				663702B029B2DD2A00F448AE /* Assets.xcassets in Resources */,
			);
			runOnlyForDeploymentPostprocessing = 0;
		};
/* End PBXResourcesBuildPhase section */

/* Begin PBXSourcesBuildPhase section */
		663702A429B2DD2900F448AE /* Sources */ = {
			isa = PBXSourcesBuildPhase;
			buildActionMask = 2147483647;
			files = (
				663702C529B393EF00F448AE /* DigAvatar.swift in Sources */,
				663702D729B3B24000F448AE /* SpaceUsage.swift in Sources */,
				663702DB29B3BB9800F448AE /* DeviceUsage.swift in Sources */,
				663702C929B39A7300F448AE /* Defaults.swift in Sources */,
				663702D529B3A06500F448AE /* UserProfile.swift in Sources */,
				663702CB29B39B1200F448AE /* HomeTabContent.swift in Sources */,
				663702BD29B2EEDF00F448AE /* HomeTab.swift in Sources */,
				663702C029B2F72E00F448AE /* AccountTab.swift in Sources */,
				663702DD29B3C37C00F448AE /* DigBanner.swift in Sources */,
				663702DF29B3CBFD00F448AE /* EditableAvatar.swift in Sources */,
				663702D929B3B8B500F448AE /* DigButton.swift in Sources */,
				663702D329B39CF600F448AE /* MultilineButton.swift in Sources */,
				663702C729B39A4400F448AE /* AccountTabContent.swift in Sources */,
				663702BA29B2EC6A00F448AE /* Scaffold.swift in Sources */,
				663702AC29B2DD2900F448AE /* NotesApp.swift in Sources */,
			);
			runOnlyForDeploymentPostprocessing = 0;
		};
/* End PBXSourcesBuildPhase section */

/* Begin XCBuildConfiguration section */
		663702B429B2DD2A00F448AE /* Debug */ = {
			isa = XCBuildConfiguration;
			buildSettings = {
				ALWAYS_SEARCH_USER_PATHS = NO;
				CLANG_ANALYZER_NONNULL = YES;
				CLANG_ANALYZER_NUMBER_OBJECT_CONVERSION = YES_AGGRESSIVE;
				CLANG_CXX_LANGUAGE_STANDARD = "gnu++20";
				CLANG_ENABLE_MODULES = YES;
				CLANG_ENABLE_OBJC_ARC = YES;
				CLANG_ENABLE_OBJC_WEAK = YES;
				CLANG_WARN_BLOCK_CAPTURE_AUTORELEASING = YES;
				CLANG_WARN_BOOL_CONVERSION = YES;
				CLANG_WARN_COMMA = YES;
				CLANG_WARN_CONSTANT_CONVERSION = YES;
				CLANG_WARN_DEPRECATED_OBJC_IMPLEMENTATIONS = YES;
				CLANG_WARN_DIRECT_OBJC_ISA_USAGE = YES_ERROR;
				CLANG_WARN_DOCUMENTATION_COMMENTS = YES;
				CLANG_WARN_EMPTY_BODY = YES;
				CLANG_WARN_ENUM_CONVERSION = YES;
				CLANG_WARN_INFINITE_RECURSION = YES;
				CLANG_WARN_INT_CONVERSION = YES;
				CLANG_WARN_NON_LITERAL_NULL_CONVERSION = YES;
				CLANG_WARN_OBJC_IMPLICIT_RETAIN_SELF = YES;
				CLANG_WARN_OBJC_LITERAL_CONVERSION = YES;
				CLANG_WARN_OBJC_ROOT_CLASS = YES_ERROR;
				CLANG_WARN_QUOTED_INCLUDE_IN_FRAMEWORK_HEADER = YES;
				CLANG_WARN_RANGE_LOOP_ANALYSIS = YES;
				CLANG_WARN_STRICT_PROTOTYPES = YES;
				CLANG_WARN_SUSPICIOUS_MOVE = YES;
				CLANG_WARN_UNGUARDED_AVAILABILITY = YES_AGGRESSIVE;
				CLANG_WARN_UNREACHABLE_CODE = YES;
				CLANG_WARN__DUPLICATE_METHOD_MATCH = YES;
				COPY_PHASE_STRIP = NO;
				DEBUG_INFORMATION_FORMAT = dwarf;
				ENABLE_STRICT_OBJC_MSGSEND = YES;
				ENABLE_TESTABILITY = YES;
				GCC_C_LANGUAGE_STANDARD = gnu11;
				GCC_DYNAMIC_NO_PIC = NO;
				GCC_NO_COMMON_BLOCKS = YES;
				GCC_OPTIMIZATION_LEVEL = 0;
				GCC_PREPROCESSOR_DEFINITIONS = (
					"DEBUG=1",
					"$(inherited)",
				);
				GCC_WARN_64_TO_32_BIT_CONVERSION = YES;
				GCC_WARN_ABOUT_RETURN_TYPE = YES_ERROR;
				GCC_WARN_UNDECLARED_SELECTOR = YES;
				GCC_WARN_UNINITIALIZED_AUTOS = YES_AGGRESSIVE;
				GCC_WARN_UNUSED_FUNCTION = YES;
				GCC_WARN_UNUSED_VARIABLE = YES;
				IPHONEOS_DEPLOYMENT_TARGET = 16.2;
				MTL_ENABLE_DEBUG_INFO = INCLUDE_SOURCE;
				MTL_FAST_MATH = YES;
				ONLY_ACTIVE_ARCH = YES;
				SDKROOT = iphoneos;
				SWIFT_ACTIVE_COMPILATION_CONDITIONS = DEBUG;
				SWIFT_OPTIMIZATION_LEVEL = "-Onone";
			};
			name = Debug;
		};
		663702B529B2DD2A00F448AE /* Release */ = {
			isa = XCBuildConfiguration;
			buildSettings = {
				ALWAYS_SEARCH_USER_PATHS = NO;
				CLANG_ANALYZER_NONNULL = YES;
				CLANG_ANALYZER_NUMBER_OBJECT_CONVERSION = YES_AGGRESSIVE;
				CLANG_CXX_LANGUAGE_STANDARD = "gnu++20";
				CLANG_ENABLE_MODULES = YES;
				CLANG_ENABLE_OBJC_ARC = YES;
				CLANG_ENABLE_OBJC_WEAK = YES;
				CLANG_WARN_BLOCK_CAPTURE_AUTORELEASING = YES;
				CLANG_WARN_BOOL_CONVERSION = YES;
				CLANG_WARN_COMMA = YES;
				CLANG_WARN_CONSTANT_CONVERSION = YES;
				CLANG_WARN_DEPRECATED_OBJC_IMPLEMENTATIONS = YES;
				CLANG_WARN_DIRECT_OBJC_ISA_USAGE = YES_ERROR;
				CLANG_WARN_DOCUMENTATION_COMMENTS = YES;
				CLANG_WARN_EMPTY_BODY = YES;
				CLANG_WARN_ENUM_CONVERSION = YES;
				CLANG_WARN_INFINITE_RECURSION = YES;
				CLANG_WARN_INT_CONVERSION = YES;
				CLANG_WARN_NON_LITERAL_NULL_CONVERSION = YES;
				CLANG_WARN_OBJC_IMPLICIT_RETAIN_SELF = YES;
				CLANG_WARN_OBJC_LITERAL_CONVERSION = YES;
				CLANG_WARN_OBJC_ROOT_CLASS = YES_ERROR;
				CLANG_WARN_QUOTED_INCLUDE_IN_FRAMEWORK_HEADER = YES;
				CLANG_WARN_RANGE_LOOP_ANALYSIS = YES;
				CLANG_WARN_STRICT_PROTOTYPES = YES;
				CLANG_WARN_SUSPICIOUS_MOVE = YES;
				CLANG_WARN_UNGUARDED_AVAILABILITY = YES_AGGRESSIVE;
				CLANG_WARN_UNREACHABLE_CODE = YES;
				CLANG_WARN__DUPLICATE_METHOD_MATCH = YES;
				COPY_PHASE_STRIP = NO;
				DEBUG_INFORMATION_FORMAT = "dwarf-with-dsym";
				ENABLE_NS_ASSERTIONS = NO;
				ENABLE_STRICT_OBJC_MSGSEND = YES;
				GCC_C_LANGUAGE_STANDARD = gnu11;
				GCC_NO_COMMON_BLOCKS = YES;
				GCC_WARN_64_TO_32_BIT_CONVERSION = YES;
				GCC_WARN_ABOUT_RETURN_TYPE = YES_ERROR;
				GCC_WARN_UNDECLARED_SELECTOR = YES;
				GCC_WARN_UNINITIALIZED_AUTOS = YES_AGGRESSIVE;
				GCC_WARN_UNUSED_FUNCTION = YES;
				GCC_WARN_UNUSED_VARIABLE = YES;
				IPHONEOS_DEPLOYMENT_TARGET = 16.2;
				MTL_ENABLE_DEBUG_INFO = NO;
				MTL_FAST_MATH = YES;
				SDKROOT = iphoneos;
				SWIFT_COMPILATION_MODE = wholemodule;
				SWIFT_OPTIMIZATION_LEVEL = "-O";
				VALIDATE_PRODUCT = YES;
			};
			name = Release;
		};
		663702B729B2DD2A00F448AE /* Debug */ = {
			isa = XCBuildConfiguration;
			buildSettings = {
				ASSETCATALOG_COMPILER_APPICON_NAME = AppIcon;
				ASSETCATALOG_COMPILER_GLOBAL_ACCENT_COLOR_NAME = AccentColor;
				CODE_SIGN_STYLE = Automatic;
				CURRENT_PROJECT_VERSION = 1;
				DEVELOPMENT_ASSET_PATHS = "\"Campaigns/Preview Content\"";
				DEVELOPMENT_TEAM = 25H7RUA2Q7;
				ENABLE_PREVIEWS = YES;
				GENERATE_INFOPLIST_FILE = YES;
				INFOPLIST_KEY_UIApplicationSceneManifest_Generation = YES;
				INFOPLIST_KEY_UIApplicationSupportsIndirectInputEvents = YES;
				INFOPLIST_KEY_UILaunchScreen_Generation = YES;
				INFOPLIST_KEY_UISupportedInterfaceOrientations_iPad = "UIInterfaceOrientationPortrait UIInterfaceOrientationPortraitUpsideDown UIInterfaceOrientationLandscapeLeft UIInterfaceOrientationLandscapeRight";
				INFOPLIST_KEY_UISupportedInterfaceOrientations_iPhone = "UIInterfaceOrientationPortrait UIInterfaceOrientationLandscapeLeft UIInterfaceOrientationLandscapeRight";
				LD_RUNPATH_SEARCH_PATHS = (
					"$(inherited)",
					"@executable_path/Frameworks",
				);
				MARKETING_VERSION = 1.0;
				PRODUCT_BUNDLE_IDENTIFIER = io.componentbox.Campaigns;
				PRODUCT_NAME = "$(TARGET_NAME)";
				SWIFT_EMIT_LOC_STRINGS = YES;
				SWIFT_VERSION = 5.0;
				TARGETED_DEVICE_FAMILY = "1,2";
			};
			name = Debug;
		};
		663702B829B2DD2A00F448AE /* Release */ = {
			isa = XCBuildConfiguration;
			buildSettings = {
				ASSETCATALOG_COMPILER_APPICON_NAME = AppIcon;
				ASSETCATALOG_COMPILER_GLOBAL_ACCENT_COLOR_NAME = AccentColor;
				CODE_SIGN_STYLE = Automatic;
				CURRENT_PROJECT_VERSION = 1;
				DEVELOPMENT_ASSET_PATHS = "\"Campaigns/Preview Content\"";
				DEVELOPMENT_TEAM = 25H7RUA2Q7;
				ENABLE_PREVIEWS = YES;
				GENERATE_INFOPLIST_FILE = YES;
				INFOPLIST_KEY_UIApplicationSceneManifest_Generation = YES;
				INFOPLIST_KEY_UIApplicationSupportsIndirectInputEvents = YES;
				INFOPLIST_KEY_UILaunchScreen_Generation = YES;
				INFOPLIST_KEY_UISupportedInterfaceOrientations_iPad = "UIInterfaceOrientationPortrait UIInterfaceOrientationPortraitUpsideDown UIInterfaceOrientationLandscapeLeft UIInterfaceOrientationLandscapeRight";
				INFOPLIST_KEY_UISupportedInterfaceOrientations_iPhone = "UIInterfaceOrientationPortrait UIInterfaceOrientationLandscapeLeft UIInterfaceOrientationLandscapeRight";
				LD_RUNPATH_SEARCH_PATHS = (
					"$(inherited)",
					"@executable_path/Frameworks",
				);
				MARKETING_VERSION = 1.0;
				PRODUCT_BUNDLE_IDENTIFIER = io.componentbox.Campaigns;
				PRODUCT_NAME = "$(TARGET_NAME)";
				SWIFT_EMIT_LOC_STRINGS = YES;
				SWIFT_VERSION = 5.0;
				TARGETED_DEVICE_FAMILY = "1,2";
			};
			name = Release;
		};
/* End XCBuildConfiguration section */

/* Begin XCConfigurationList section */
		663702A329B2DD2900F448AE /* Build configuration list for PBXProject "Notes" */ = {
			isa = XCConfigurationList;
			buildConfigurations = (
				663702B429B2DD2A00F448AE /* Debug */,
				663702B529B2DD2A00F448AE /* Release */,
			);
			defaultConfigurationIsVisible = 0;
			defaultConfigurationName = Release;
		};
		663702B629B2DD2A00F448AE /* Build configuration list for PBXNativeTarget "Notes" */ = {
			isa = XCConfigurationList;
			buildConfigurations = (
				663702B729B2DD2A00F448AE /* Debug */,
				663702B829B2DD2A00F448AE /* Release */,
			);
			defaultConfigurationIsVisible = 0;
			defaultConfigurationName = Release;
		};
/* End XCConfigurationList section */
	};
	rootObject = 663702A029B2DD2900F448AE /* Project object */;
}
